// !$*UTF8*$!
{
	archiveVersion = 1;
	classes = {
	};
	objectVersion = 55;
	objects = {

/* Begin PBXBuildFile section */
		961F34FE29AE8CD6005EBCD4 /* AppDelegate.swift in Sources */ = {isa = PBXBuildFile; fileRef = 961F34FD29AE8CD6005EBCD4 /* AppDelegate.swift */; };
		961F350029AE8CD6005EBCD4 /* SceneDelegate.swift in Sources */ = {isa = PBXBuildFile; fileRef = 961F34FF29AE8CD6005EBCD4 /* SceneDelegate.swift */; };
		961F350229AE8CD6005EBCD4 /* AllNoteViewController.swift in Sources */ = {isa = PBXBuildFile; fileRef = 961F350129AE8CD6005EBCD4 /* AllNoteViewController.swift */; };
		961F350529AE8CD6005EBCD4 /* Main.storyboard in Resources */ = {isa = PBXBuildFile; fileRef = 961F350329AE8CD6005EBCD4 /* Main.storyboard */; };
		961F350A29AE8CD7005EBCD4 /* Assets.xcassets in Resources */ = {isa = PBXBuildFile; fileRef = 961F350929AE8CD7005EBCD4 /* Assets.xcassets */; };
		961F350D29AE8CD7005EBCD4 /* LaunchScreen.storyboard in Resources */ = {isa = PBXBuildFile; fileRef = 961F350B29AE8CD7005EBCD4 /* LaunchScreen.storyboard */; };
		961F351829AFF355005EBCD4 /* Note.swift in Sources */ = {isa = PBXBuildFile; fileRef = 961F351729AFF355005EBCD4 /* Note.swift */; };
		961F351A29AFF3AC005EBCD4 /* AllNotePresenter.swift in Sources */ = {isa = PBXBuildFile; fileRef = 961F351929AFF3AC005EBCD4 /* AllNotePresenter.swift */; };
		961F352429B1613C005EBCD4 /* NotesCollectionViewCell.swift in Sources */ = {isa = PBXBuildFile; fileRef = 961F352329B1613C005EBCD4 /* NotesCollectionViewCell.swift */; };
		961F352629B28FAF005EBCD4 /* NotesListViewBuilder.swift in Sources */ = {isa = PBXBuildFile; fileRef = 961F352529B28FAF005EBCD4 /* NotesListViewBuilder.swift */; };
		961F352929B4028A005EBCD4 /* AddNoteView.swift in Sources */ = {isa = PBXBuildFile; fileRef = 961F352829B4028A005EBCD4 /* AddNoteView.swift */; };
		961F352C29B4D1F9005EBCD4 /* AddNoteViewController.swift in Sources */ = {isa = PBXBuildFile; fileRef = 961F352B29B4D1F9005EBCD4 /* AddNoteViewController.swift */; };
		961F352E29B4DE63005EBCD4 /* AllNoteRouter.swift in Sources */ = {isa = PBXBuildFile; fileRef = 961F352D29B4DE63005EBCD4 /* AllNoteRouter.swift */; };
		961F353029B4FDC2005EBCD4 /* AddNotePresenter.swift in Sources */ = {isa = PBXBuildFile; fileRef = 961F352F29B4FDC2005EBCD4 /* AddNotePresenter.swift */; };
		96DDEB1B2AB78A5200044A93 /* Notes.xcdatamodeld in Sources */ = {isa = PBXBuildFile; fileRef = 96DDEB192AB78A5200044A93 /* Notes.xcdatamodeld */; };
		96DDEB882AC3160100044A93 /* CoreDataManager.swift in Sources */ = {isa = PBXBuildFile; fileRef = 96DDEB872AC3160100044A93 /* CoreDataManager.swift */; };
		96DDEB912AC39B3900044A93 /* Not+CoreDataClass.swift in Sources */ = {isa = PBXBuildFile; fileRef = 96DDEB8F2AC39B3900044A93 /* Not+CoreDataClass.swift */; };
		96DDEB922AC39B3900044A93 /* Not+CoreDataProperties.swift in Sources */ = {isa = PBXBuildFile; fileRef = 96DDEB902AC39B3900044A93 /* Not+CoreDataProperties.swift */; };
/* End PBXBuildFile section */

/* Begin PBXFileReference section */
		961F34FA29AE8CD6005EBCD4 /* Notes.app */ = {isa = PBXFileReference; explicitFileType = wrapper.application; includeInIndex = 0; path = Notes.app; sourceTree = BUILT_PRODUCTS_DIR; };
		961F34FD29AE8CD6005EBCD4 /* AppDelegate.swift */ = {isa = PBXFileReference; lastKnownFileType = sourcecode.swift; path = AppDelegate.swift; sourceTree = "<group>"; };
		961F34FF29AE8CD6005EBCD4 /* SceneDelegate.swift */ = {isa = PBXFileReference; lastKnownFileType = sourcecode.swift; path = SceneDelegate.swift; sourceTree = "<group>"; };
		961F350129AE8CD6005EBCD4 /* AllNoteViewController.swift */ = {isa = PBXFileReference; lastKnownFileType = sourcecode.swift; path = AllNoteViewController.swift; sourceTree = "<group>"; };
		961F350429AE8CD6005EBCD4 /* Base */ = {isa = PBXFileReference; lastKnownFileType = file.storyboard; name = Base; path = Base.lproj/Main.storyboard; sourceTree = "<group>"; };
		961F350929AE8CD7005EBCD4 /* Assets.xcassets */ = {isa = PBXFileReference; lastKnownFileType = folder.assetcatalog; path = Assets.xcassets; sourceTree = "<group>"; };
		961F350C29AE8CD7005EBCD4 /* Base */ = {isa = PBXFileReference; lastKnownFileType = file.storyboard; name = Base; path = Base.lproj/LaunchScreen.storyboard; sourceTree = "<group>"; };
		961F350E29AE8CD7005EBCD4 /* Info.plist */ = {isa = PBXFileReference; lastKnownFileType = text.plist.xml; path = Info.plist; sourceTree = "<group>"; };
		961F351729AFF355005EBCD4 /* Note.swift */ = {isa = PBXFileReference; lastKnownFileType = sourcecode.swift; path = Note.swift; sourceTree = "<group>"; };
		961F351929AFF3AC005EBCD4 /* AllNotePresenter.swift */ = {isa = PBXFileReference; lastKnownFileType = sourcecode.swift; path = AllNotePresenter.swift; sourceTree = "<group>"; };
		961F352329B1613C005EBCD4 /* NotesCollectionViewCell.swift */ = {isa = PBXFileReference; lastKnownFileType = sourcecode.swift; path = NotesCollectionViewCell.swift; sourceTree = "<group>"; };
		961F352529B28FAF005EBCD4 /* NotesListViewBuilder.swift */ = {isa = PBXFileReference; lastKnownFileType = sourcecode.swift; path = NotesListViewBuilder.swift; sourceTree = "<group>"; };
		961F352829B4028A005EBCD4 /* AddNoteView.swift */ = {isa = PBXFileReference; lastKnownFileType = sourcecode.swift; path = AddNoteView.swift; sourceTree = "<group>"; };
		961F352B29B4D1F9005EBCD4 /* AddNoteViewController.swift */ = {isa = PBXFileReference; lastKnownFileType = sourcecode.swift; path = AddNoteViewController.swift; sourceTree = "<group>"; };
		961F352D29B4DE63005EBCD4 /* AllNoteRouter.swift */ = {isa = PBXFileReference; lastKnownFileType = sourcecode.swift; path = AllNoteRouter.swift; sourceTree = "<group>"; };
		961F352F29B4FDC2005EBCD4 /* AddNotePresenter.swift */ = {isa = PBXFileReference; lastKnownFileType = sourcecode.swift; path = AddNotePresenter.swift; sourceTree = "<group>"; };
		96DDEB1A2AB78A5200044A93 /* Notes.xcdatamodel */ = {isa = PBXFileReference; lastKnownFileType = wrapper.xcdatamodel; path = Notes.xcdatamodel; sourceTree = "<group>"; };
		96DDEB872AC3160100044A93 /* CoreDataManager.swift */ = {isa = PBXFileReference; lastKnownFileType = sourcecode.swift; path = CoreDataManager.swift; sourceTree = "<group>"; };
		96DDEB8F2AC39B3900044A93 /* Not+CoreDataClass.swift */ = {isa = PBXFileReference; lastKnownFileType = sourcecode.swift; path = "Not+CoreDataClass.swift"; sourceTree = "<group>"; };
		96DDEB902AC39B3900044A93 /* Not+CoreDataProperties.swift */ = {isa = PBXFileReference; lastKnownFileType = sourcecode.swift; path = "Not+CoreDataProperties.swift"; sourceTree = "<group>"; };
/* End PBXFileReference section */

/* Begin PBXFrameworksBuildPhase section */
		961F34F729AE8CD6005EBCD4 /* Frameworks */ = {
			isa = PBXFrameworksBuildPhase;
			buildActionMask = 2147483647;
			files = (
			);
			runOnlyForDeploymentPostprocessing = 0;
		};
/* End PBXFrameworksBuildPhase section */

/* Begin PBXGroup section */
		961F34F129AE8CD6005EBCD4 = {
			isa = PBXGroup;
			children = (
				96DDEB8F2AC39B3900044A93 /* Not+CoreDataClass.swift */,
				96DDEB902AC39B3900044A93 /* Not+CoreDataProperties.swift */,
				961F34FC29AE8CD6005EBCD4 /* Notes */,
				961F34FB29AE8CD6005EBCD4 /* Products */,
			);
			sourceTree = "<group>";
		};
		961F34FB29AE8CD6005EBCD4 /* Products */ = {
			isa = PBXGroup;
			children = (
				961F34FA29AE8CD6005EBCD4 /* Notes.app */,
			);
			name = Products;
			sourceTree = "<group>";
		};
		961F34FC29AE8CD6005EBCD4 /* Notes */ = {
			isa = PBXGroup;
			children = (
				961F351529AFF28B005EBCD4 /* NotesListView */,
				961F351429AFF281005EBCD4 /* CoreModel */,
				961F352A29B4D1B5005EBCD4 /* AddNoteView */,
				961F34FD29AE8CD6005EBCD4 /* AppDelegate.swift */,
				961F34FF29AE8CD6005EBCD4 /* SceneDelegate.swift */,
				961F350329AE8CD6005EBCD4 /* Main.storyboard */,
				961F350929AE8CD7005EBCD4 /* Assets.xcassets */,
				961F350B29AE8CD7005EBCD4 /* LaunchScreen.storyboard */,
				961F350E29AE8CD7005EBCD4 /* Info.plist */,
			);
			path = Notes;
			sourceTree = "<group>";
		};
		961F351429AFF281005EBCD4 /* CoreModel */ = {
			isa = PBXGroup;
			children = (
				96DDEB192AB78A5200044A93 /* Notes.xcdatamodeld */,
				96DDEB872AC3160100044A93 /* CoreDataManager.swift */,
			);
			path = CoreModel;
			sourceTree = "<group>";
		};
		961F351529AFF28B005EBCD4 /* NotesListView */ = {
			isa = PBXGroup;
			children = (
				961F352529B28FAF005EBCD4 /* NotesListViewBuilder.swift */,
				961F350129AE8CD6005EBCD4 /* AllNoteViewController.swift */,
				961F351929AFF3AC005EBCD4 /* AllNotePresenter.swift */,
				961F352D29B4DE63005EBCD4 /* AllNoteRouter.swift */,
				96DDEB972AC4C5D000044A93 /* Models */,
				961F352729B290A9005EBCD4 /* Views */,
			);
			path = NotesListView;
			sourceTree = "<group>";
		};
		961F352729B290A9005EBCD4 /* Views */ = {
			isa = PBXGroup;
			children = (
				961F352329B1613C005EBCD4 /* NotesCollectionViewCell.swift */,
			);
			path = Views;
			sourceTree = "<group>";
		};
		961F352A29B4D1B5005EBCD4 /* AddNoteView */ = {
			isa = PBXGroup;
			children = (
				961F352829B4028A005EBCD4 /* AddNoteView.swift */,
				961F352B29B4D1F9005EBCD4 /* AddNoteViewController.swift */,
				961F352F29B4FDC2005EBCD4 /* AddNotePresenter.swift */,
			);
			path = AddNoteView;
			sourceTree = "<group>";
		};
		96DDEB972AC4C5D000044A93 /* Models */ = {
			isa = PBXGroup;
			children = (
				961F351729AFF355005EBCD4 /* Note.swift */,
			);
			path = Models;
			sourceTree = "<group>";
		};
/* End PBXGroup section */

/* Begin PBXNativeTarget section */
		961F34F929AE8CD6005EBCD4 /* Notes */ = {
			isa = PBXNativeTarget;
			buildConfigurationList = 961F351129AE8CD7005EBCD4 /* Build configuration list for PBXNativeTarget "Notes" */;
			buildPhases = (
				961F34F629AE8CD6005EBCD4 /* Sources */,
				961F34F729AE8CD6005EBCD4 /* Frameworks */,
				961F34F829AE8CD6005EBCD4 /* Resources */,
			);
			buildRules = (
			);
			dependencies = (
			);
			name = Notes;
			productName = Notes;
			productReference = 961F34FA29AE8CD6005EBCD4 /* Notes.app */;
			productType = "com.apple.product-type.application";
		};
/* End PBXNativeTarget section */

/* Begin PBXProject section */
		961F34F229AE8CD6005EBCD4 /* Project object */ = {
			isa = PBXProject;
			attributes = {
				BuildIndependentTargetsInParallel = 1;
				LastSwiftUpdateCheck = 1340;
				LastUpgradeCheck = 1340;
				TargetAttributes = {
					961F34F929AE8CD6005EBCD4 = {
						CreatedOnToolsVersion = 13.4.1;
					};
				};
			};
			buildConfigurationList = 961F34F529AE8CD6005EBCD4 /* Build configuration list for PBXProject "Notes" */;
			compatibilityVersion = "Xcode 13.0";
			developmentRegion = en;
			hasScannedForEncodings = 0;
			knownRegions = (
				en,
				Base,
			);
			mainGroup = 961F34F129AE8CD6005EBCD4;
			productRefGroup = 961F34FB29AE8CD6005EBCD4 /* Products */;
			projectDirPath = "";
			projectRoot = "";
			targets = (
				961F34F929AE8CD6005EBCD4 /* Notes */,
			);
		};
/* End PBXProject section */

/* Begin PBXResourcesBuildPhase section */
		961F34F829AE8CD6005EBCD4 /* Resources */ = {
			isa = PBXResourcesBuildPhase;
			buildActionMask = 2147483647;
			files = (
				961F350D29AE8CD7005EBCD4 /* LaunchScreen.storyboard in Resources */,
				961F350A29AE8CD7005EBCD4 /* Assets.xcassets in Resources */,
				961F350529AE8CD6005EBCD4 /* Main.storyboard in Resources */,
			);
			runOnlyForDeploymentPostprocessing = 0;
		};
/* End PBXResourcesBuildPhase section */

/* Begin PBXSourcesBuildPhase section */
		961F34F629AE8CD6005EBCD4 /* Sources */ = {
			isa = PBXSourcesBuildPhase;
			buildActionMask = 2147483647;
			files = (
				961F353029B4FDC2005EBCD4 /* AddNotePresenter.swift in Sources */,
				961F352E29B4DE63005EBCD4 /* AllNoteRouter.swift in Sources */,
				961F352629B28FAF005EBCD4 /* NotesListViewBuilder.swift in Sources */,
				96DDEB922AC39B3900044A93 /* Not+CoreDataProperties.swift in Sources */,
				96DDEB882AC3160100044A93 /* CoreDataManager.swift in Sources */,
				96DDEB1B2AB78A5200044A93 /* Notes.xcdatamodeld in Sources */,
				961F351A29AFF3AC005EBCD4 /* AllNotePresenter.swift in Sources */,
				96DDEB912AC39B3900044A93 /* Not+CoreDataClass.swift in Sources */,
				961F351829AFF355005EBCD4 /* Note.swift in Sources */,
				961F350229AE8CD6005EBCD4 /* AllNoteViewController.swift in Sources */,
				961F34FE29AE8CD6005EBCD4 /* AppDelegate.swift in Sources */,
				961F350029AE8CD6005EBCD4 /* SceneDelegate.swift in Sources */,
				961F352929B4028A005EBCD4 /* AddNoteView.swift in Sources */,
				961F352C29B4D1F9005EBCD4 /* AddNoteViewController.swift in Sources */,
				961F352429B1613C005EBCD4 /* NotesCollectionViewCell.swift in Sources */,
			);
			runOnlyForDeploymentPostprocessing = 0;
		};
/* End PBXSourcesBuildPhase section */

/* Begin PBXVariantGroup section */
		961F350329AE8CD6005EBCD4 /* Main.storyboard */ = {
			isa = PBXVariantGroup;
			children = (
				961F350429AE8CD6005EBCD4 /* Base */,
			);
			name = Main.storyboard;
			sourceTree = "<group>";
		};
		961F350B29AE8CD7005EBCD4 /* LaunchScreen.storyboard */ = {
			isa = PBXVariantGroup;
			children = (
				961F350C29AE8CD7005EBCD4 /* Base */,
			);
			name = LaunchScreen.storyboard;
			sourceTree = "<group>";
		};
/* End PBXVariantGroup section */

/* Begin XCBuildConfiguration section */
		961F350F29AE8CD7005EBCD4 /* Debug */ = {
			isa = XCBuildConfiguration;
			buildSettings = {
				ALWAYS_SEARCH_USER_PATHS = NO;
				CLANG_ANALYZER_NONNULL = YES;
				CLANG_ANALYZER_NUMBER_OBJECT_CONVERSION = YES_AGGRESSIVE;
				CLANG_CXX_LANGUAGE_STANDARD = "gnu++17";
				CLANG_ENABLE_MODULES = YES;
				CLANG_ENABLE_OBJC_ARC = YES;
				CLANG_ENABLE_OBJC_WEAK = YES;
				CLANG_WARN_BLOCK_CAPTURE_AUTORELEASING = YES;
				CLANG_WARN_BOOL_CONVERSION = YES;
				CLANG_WARN_COMMA = YES;
				CLANG_WARN_CONSTANT_CONVERSION = YES;
				CLANG_WARN_DEPRECATED_OBJC_IMPLEMENTATIONS = YES;
				CLANG_WARN_DIRECT_OBJC_ISA_USAGE = YES_ERROR;
				CLANG_WARN_DOCUMENTATION_COMMENTS = YES;
				CLANG_WARN_EMPTY_BODY = YES;
				CLANG_WARN_ENUM_CONVERSION = YES;
				CLANG_WARN_INFINITE_RECURSION = YES;
				CLANG_WARN_INT_CONVERSION = YES;
				CLANG_WARN_NON_LITERAL_NULL_CONVERSION = YES;
				CLANG_WARN_OBJC_IMPLICIT_RETAIN_SELF = YES;
				CLANG_WARN_OBJC_LITERAL_CONVERSION = YES;
				CLANG_WARN_OBJC_ROOT_CLASS = YES_ERROR;
				CLANG_WARN_QUOTED_INCLUDE_IN_FRAMEWORK_HEADER = YES;
				CLANG_WARN_RANGE_LOOP_ANALYSIS = YES;
				CLANG_WARN_STRICT_PROTOTYPES = YES;
				CLANG_WARN_SUSPICIOUS_MOVE = YES;
				CLANG_WARN_UNGUARDED_AVAILABILITY = YES_AGGRESSIVE;
				CLANG_WARN_UNREACHABLE_CODE = YES;
				CLANG_WARN__DUPLICATE_METHOD_MATCH = YES;
				COPY_PHASE_STRIP = NO;
				DEBUG_INFORMATION_FORMAT = dwarf;
				ENABLE_STRICT_OBJC_MSGSEND = YES;
				ENABLE_TESTABILITY = YES;
				GCC_C_LANGUAGE_STANDARD = gnu11;
				GCC_DYNAMIC_NO_PIC = NO;
				GCC_NO_COMMON_BLOCKS = YES;
				GCC_OPTIMIZATION_LEVEL = 0;
				GCC_PREPROCESSOR_DEFINITIONS = (
					"DEBUG=1",
					"$(inherited)",
				);
				GCC_WARN_64_TO_32_BIT_CONVERSION = YES;
				GCC_WARN_ABOUT_RETURN_TYPE = YES_ERROR;
				GCC_WARN_UNDECLARED_SELECTOR = YES;
				GCC_WARN_UNINITIALIZED_AUTOS = YES_AGGRESSIVE;
				GCC_WARN_UNUSED_FUNCTION = YES;
				GCC_WARN_UNUSED_VARIABLE = YES;
				IPHONEOS_DEPLOYMENT_TARGET = 15.5;
				MTL_ENABLE_DEBUG_INFO = INCLUDE_SOURCE;
				MTL_FAST_MATH = YES;
				ONLY_ACTIVE_ARCH = YES;
				SDKROOT = iphoneos;
				SWIFT_ACTIVE_COMPILATION_CONDITIONS = DEBUG;
				SWIFT_OPTIMIZATION_LEVEL = "-Onone";
			};
			name = Debug;
		};
		961F351029AE8CD7005EBCD4 /* Release */ = {
			isa = XCBuildConfiguration;
			buildSettings = {
				ALWAYS_SEARCH_USER_PATHS = NO;
				CLANG_ANALYZER_NONNULL = YES;
				CLANG_ANALYZER_NUMBER_OBJECT_CONVERSION = YES_AGGRESSIVE;
				CLANG_CXX_LANGUAGE_STANDARD = "gnu++17";
				CLANG_ENABLE_MODULES = YES;
				CLANG_ENABLE_OBJC_ARC = YES;
				CLANG_ENABLE_OBJC_WEAK = YES;
				CLANG_WARN_BLOCK_CAPTURE_AUTORELEASING = YES;
				CLANG_WARN_BOOL_CONVERSION = YES;
				CLANG_WARN_COMMA = YES;
				CLANG_WARN_CONSTANT_CONVERSION = YES;
				CLANG_WARN_DEPRECATED_OBJC_IMPLEMENTATIONS = YES;
				CLANG_WARN_DIRECT_OBJC_ISA_USAGE = YES_ERROR;
				CLANG_WARN_DOCUMENTATION_COMMENTS = YES;
				CLANG_WARN_EMPTY_BODY = YES;
				CLANG_WARN_ENUM_CONVERSION = YES;
				CLANG_WARN_INFINITE_RECURSION = YES;
				CLANG_WARN_INT_CONVERSION = YES;
				CLANG_WARN_NON_LITERAL_NULL_CONVERSION = YES;
				CLANG_WARN_OBJC_IMPLICIT_RETAIN_SELF = YES;
				CLANG_WARN_OBJC_LITERAL_CONVERSION = YES;
				CLANG_WARN_OBJC_ROOT_CLASS = YES_ERROR;
				CLANG_WARN_QUOTED_INCLUDE_IN_FRAMEWORK_HEADER = YES;
				CLANG_WARN_RANGE_LOOP_ANALYSIS = YES;
				CLANG_WARN_STRICT_PROTOTYPES = YES;
				CLANG_WARN_SUSPICIOUS_MOVE = YES;
				CLANG_WARN_UNGUARDED_AVAILABILITY = YES_AGGRESSIVE;
				CLANG_WARN_UNREACHABLE_CODE = YES;
				CLANG_WARN__DUPLICATE_METHOD_MATCH = YES;
				COPY_PHASE_STRIP = NO;
				DEBUG_INFORMATION_FORMAT = "dwarf-with-dsym";
				ENABLE_NS_ASSERTIONS = NO;
				ENABLE_STRICT_OBJC_MSGSEND = YES;
				GCC_C_LANGUAGE_STANDARD = gnu11;
				GCC_NO_COMMON_BLOCKS = YES;
				GCC_WARN_64_TO_32_BIT_CONVERSION = YES;
				GCC_WARN_ABOUT_RETURN_TYPE = YES_ERROR;
				GCC_WARN_UNDECLARED_SELECTOR = YES;
				GCC_WARN_UNINITIALIZED_AUTOS = YES_AGGRESSIVE;
				GCC_WARN_UNUSED_FUNCTION = YES;
				GCC_WARN_UNUSED_VARIABLE = YES;
				IPHONEOS_DEPLOYMENT_TARGET = 15.5;
				MTL_ENABLE_DEBUG_INFO = NO;
				MTL_FAST_MATH = YES;
				SDKROOT = iphoneos;
				SWIFT_COMPILATION_MODE = wholemodule;
				SWIFT_OPTIMIZATION_LEVEL = "-O";
				VALIDATE_PRODUCT = YES;
			};
			name = Release;
		};
		961F351229AE8CD7005EBCD4 /* Debug */ = {
			isa = XCBuildConfiguration;
			buildSettings = {
				ASSETCATALOG_COMPILER_APPICON_NAME = AppIcon;
				ASSETCATALOG_COMPILER_GLOBAL_ACCENT_COLOR_NAME = AccentColor;
				CODE_SIGN_STYLE = Automatic;
				CURRENT_PROJECT_VERSION = 1;
				DEVELOPMENT_TEAM = XPPNJ4RN37;
				GENERATE_INFOPLIST_FILE = YES;
				INFOPLIST_FILE = Notes/Info.plist;
				INFOPLIST_KEY_UIApplicationSupportsIndirectInputEvents = YES;
				INFOPLIST_KEY_UILaunchStoryboardName = LaunchScreen;
				INFOPLIST_KEY_UIMainStoryboardFile = Main;
				INFOPLIST_KEY_UISupportedInterfaceOrientations_iPad = "UIInterfaceOrientationPortrait UIInterfaceOrientationPortraitUpsideDown UIInterfaceOrientationLandscapeLeft UIInterfaceOrientationLandscapeRight";
				INFOPLIST_KEY_UISupportedInterfaceOrientations_iPhone = "UIInterfaceOrientationPortrait UIInterfaceOrientationLandscapeLeft UIInterfaceOrientationLandscapeRight";
				LD_RUNPATH_SEARCH_PATHS = (
					"$(inherited)",
					"@executable_path/Frameworks",
				);
				MARKETING_VERSION = 1.0;
				PRODUCT_BUNDLE_IDENTIFIER = tinskrin.Notes;
				PRODUCT_NAME = "$(TARGET_NAME)";
				SWIFT_EMIT_LOC_STRINGS = YES;
				SWIFT_VERSION = 5.0;
				TARGETED_DEVICE_FAMILY = "1,2";
			};
			name = Debug;
		};
		961F351329AE8CD7005EBCD4 /* Release */ = {
			isa = XCBuildConfiguration;
			buildSettings = {
				ASSETCATALOG_COMPILER_APPICON_NAME = AppIcon;
				ASSETCATALOG_COMPILER_GLOBAL_ACCENT_COLOR_NAME = AccentColor;
				CODE_SIGN_STYLE = Automatic;
				CURRENT_PROJECT_VERSION = 1;
				DEVELOPMENT_TEAM = XPPNJ4RN37;
				GENERATE_INFOPLIST_FILE = YES;
				INFOPLIST_FILE = Notes/Info.plist;
				INFOPLIST_KEY_UIApplicationSupportsIndirectInputEvents = YES;
				INFOPLIST_KEY_UILaunchStoryboardName = LaunchScreen;
				INFOPLIST_KEY_UIMainStoryboardFile = Main;
				INFOPLIST_KEY_UISupportedInterfaceOrientations_iPad = "UIInterfaceOrientationPortrait UIInterfaceOrientationPortraitUpsideDown UIInterfaceOrientationLandscapeLeft UIInterfaceOrientationLandscapeRight";
				INFOPLIST_KEY_UISupportedInterfaceOrientations_iPhone = "UIInterfaceOrientationPortrait UIInterfaceOrientationLandscapeLeft UIInterfaceOrientationLandscapeRight";
				LD_RUNPATH_SEARCH_PATHS = (
					"$(inherited)",
					"@executable_path/Frameworks",
				);
				MARKETING_VERSION = 1.0;
				PRODUCT_BUNDLE_IDENTIFIER = tinskrin.Notes;
				PRODUCT_NAME = "$(TARGET_NAME)";
				SWIFT_EMIT_LOC_STRINGS = YES;
				SWIFT_VERSION = 5.0;
				TARGETED_DEVICE_FAMILY = "1,2";
			};
			name = Release;
		};
/* End XCBuildConfiguration section */

/* Begin XCConfigurationList section */
		961F34F529AE8CD6005EBCD4 /* Build configuration list for PBXProject "Notes" */ = {
			isa = XCConfigurationList;
			buildConfigurations = (
				961F350F29AE8CD7005EBCD4 /* Debug */,
				961F351029AE8CD7005EBCD4 /* Release */,
			);
			defaultConfigurationIsVisible = 0;
			defaultConfigurationName = Release;
		};
		961F351129AE8CD7005EBCD4 /* Build configuration list for PBXNativeTarget "Notes" */ = {
			isa = XCConfigurationList;
			buildConfigurations = (
				961F351229AE8CD7005EBCD4 /* Debug */,
				961F351329AE8CD7005EBCD4 /* Release */,
			);
			defaultConfigurationIsVisible = 0;
			defaultConfigurationName = Release;
		};
/* End XCConfigurationList section */

/* Begin XCVersionGroup section */
		96DDEB192AB78A5200044A93 /* Notes.xcdatamodeld */ = {
			isa = XCVersionGroup;
			children = (
				96DDEB1A2AB78A5200044A93 /* Notes.xcdatamodel */,
			);
			currentVersion = 96DDEB1A2AB78A5200044A93 /* Notes.xcdatamodel */;
			path = Notes.xcdatamodeld;
			sourceTree = "<group>";
			versionGroupType = wrapper.xcdatamodel;
		};
/* End XCVersionGroup section */
	};
	rootObject = 961F34F229AE8CD6005EBCD4 /* Project object */;
}
